
Microsoft Visual Studio Solution File, Format Version 12.00
# Visual Studio 14
VisualStudioVersion = 14.0.24720.0
MinimumVisualStudioVersion = 10.0.40219.1
Project("{FAE04EC0-301F-11D3-BF4B-00C04F79EFBC}") = "GSA.R7BD.Utility", "GSA.R7BD.Utility\GSA.R7BD.Utility.csproj", "{D72FC500-88C9-4913-866E-18E4090C0453}"
EndProject
Project("{FAE04EC0-301F-11D3-BF4B-00C04F79EFBC}") = "VITAP.Library", "VITAP.Library\VITAP.Library.csproj", "{8544B38E-5C73-4BDB-8D46-FF9F52C79000}"
EndProject
Global
	GlobalSection(SolutionConfigurationPlatforms) = preSolution
		Debug|Any CPU = Debug|Any CPU
		Debug|x86 = Debug|x86
		Release|Any CPU = Release|Any CPU
		Release|x86 = Release|x86
	EndGlobalSection
	GlobalSection(ProjectConfigurationPlatforms) = postSolution
		{D72FC500-88C9-4913-866E-18E4090C0453}.Debug|Any CPU.ActiveCfg = Debug|Any CPU
		{D72FC500-88C9-4913-866E-18E4090C0453}.Debug|Any CPU.Build.0 = Debug|Any CPU
		{D72FC500-88C9-4913-866E-18E4090C0453}.Debug|x86.ActiveCfg = Debug|x86
		{D72FC500-88C9-4913-866E-18E4090C0453}.Debug|x86.Build.0 = Debug|x86
		{D72FC500-88C9-4913-866E-18E4090C0453}.Release|Any CPU.ActiveCfg = Release|Any CPU
		{D72FC500-88C9-4913-866E-18E4090C0453}.Release|Any CPU.Build.0 = Release|Any CPU
		{D72FC500-88C9-4913-866E-18E4090C0453}.Release|x86.ActiveCfg = Release|x86
		{D72FC500-88C9-4913-866E-18E4090C0453}.Release|x86.Build.0 = Release|x86
		{8544B38E-5C73-4BDB-8D46-FF9F52C79000}.Debug|Any CPU.ActiveCfg = Debug|Any CPU
		{8544B38E-5C73-4BDB-8D46-FF9F52C79000}.Debug|Any CPU.Build.0 = Debug|Any CPU
		{8544B38E-5C73-4BDB-8D46-FF9F52C79000}.Debug|x86.ActiveCfg = Debug|Any CPU
		{8544B38E-5C73-4BDB-8D46-FF9F52C79000}.Debug|x86.Build.0 = Debug|Any CPU
		{8544B38E-5C73-4BDB-8D46-FF9F52C79000}.Release|Any CPU.ActiveCfg = Release|Any CPU
		{8544B38E-5C73-4BDB-8D46-FF9F52C79000}.Release|Any CPU.Build.0 = Release|Any CPU
		{8544B38E-5C73-4BDB-8D46-FF9F52C79000}.Release|x86.ActiveCfg = Release|Any CPU
		{8544B38E-5C73-4BDB-8D46-FF9F52C79000}.Release|x86.Build.0 = Release|Any CPU
	EndGlobalSection
	GlobalSection(SolutionProperties) = preSolution
		HideSolutionNode = FALSE
	EndGlobalSection
EndGlobal
